version = 1
revision = 3
requires-python = ">=3.11"

[[package]]
name = "9-modelisez-une-infrastructure-dans-le-cloud"
version = "0.1.0"
source = { virtual = "." }
dependencies = [
    { name = "confluent-kafka" },
    { name = "faker" },
    { name = "pyspark" },
]

[package.metadata]
requires-dist = [
    { name = "confluent-kafka", specifier = ">=2.15.0" },
    { name = "faker", specifier = ">=40.37.0" },
    { name = "pyspark", specifier = "==3.5.6" },
]

[[package]]
name = "confluent-kafka"
version = "2.15.0"
source = { registry = "https://pypi.org/simple" }
sdist = { url = "https://files.pythonhosted.org/packages/51/90/eb998fedefb63b42910b54b76b7d300ccddc56430a5175122eb60cedc4f3/confluent_kafka-2.15.0.tar.gz", hash = "sha256:7ad9bad1cbabf6713ec039b8204b48d322024fd11397eec88d912e048c732ba7", size = 323365, upload-time = "2026-06-30T19:48:43.395Z" }
wheels = [
    { url = "https://files.pythonhosted.org/packages/5e/42/3522fb404e3b4a323fe25c5993cd2e8fcfa5d3a82f65aa8a7ffd49bdbec9/confluent_kafka-2.15.0-cp311-cp311-macosx_10_9_x86_64.whl", hash = "sha256:3c4493caf1f1d2e295f5be8400d3a9854016456241f7062d0fb22dd01e2632e6", size = 4362085, upload-time = "2026-06-30T19:47:52.751Z" },
    { url = "https://files.pythonhosted.org/packages/3a/20/7e8aca63fabcbd88bc47c337187f3f6ad34f9950ed58a2184a5473617719/confluent_kafka-2.15.0-cp311-cp311-macosx_11_0_arm64.whl", hash = "sha256:c311695a10cefc1579372bd2f3808d28fd0c3d8cc7f578c94a381f351018912e", size = 4334128, upload-time = "2026-06-30T19:47:54.272Z" },
    { url = "https://files.pythonhosted.org/packages/77/c2/c2f38b593ce622aba2cab5c3272932d1538394cec8bd5fcb2f072c61bf3e/confluent_kafka-2.15.0-cp311-cp311-manylinux_2_28_aarch64.whl", hash = "sha256:7868fe2c2e1f6434903e3f1ea0ba6976d9382f5a9ef46f85d205ca7eb6f28689", size = 4974285, upload-time = "2026-06-30T19:47:56.062Z" },
    { url = "https://files.pythonhosted.org/packages/c6/18/fe516c9e158556b59c16b92da948186ba240925f80242d39795d94255b27/confluent_kafka-2.15.0-cp311-cp311-manylinux_2_28_x86_64.whl", hash = "sha256:e31bbb5775da23f14264b3e6efd3839c1611a639f3d8c15516350798fe6f2750", size = 4780780, upload-time = "2026-06-30T19:47:57.765Z" },
    { url = "https://files.pythonhosted.org/packages/62/30/3b204e0df740d6941b7da440b3d45cc26c64e1a455e38d6ec4c2360f1a7e/confluent_kafka-2.15.0-cp311-cp311-win_amd64.whl", hash = "sha256:c041b784f25d2b0b8b2abab7390020951229b694a5c037402c493b0eeca12020", size = 4548794, upload-time = "2026-06-30T19:47:59.416Z" },
    { url = "https://files.pythonhosted.org/packages/7a/b3/34811eb66633dce51f583cd0ea5d78a26c9a135847d7dbd536fc5a963055/confluent_kafka-2.15.0-cp312-cp312-macosx_10_9_x86_64.whl", hash = "sha256:6e5ea2933c0b07782a99dfdfc9d52e92526e7a61839a6994feb994dcf2a78a74", size = 4367689, upload-time = "2026-06-30T19:48:00.855Z" },
    { url = "https://files.pythonhosted.org/packages/8f/08/9fea6928cd1e678df0be930206e631bb7e44e7ed54560f5b3f76352187ff/confluent_kafka-2.15.0-cp312-cp312-macosx_11_0_arm64.whl", hash = "sha256:e4465a060ab215d5d514b181f3e7502c6fd7887529381c4af940a0b60f9d65cc", size = 4338594, upload-time = "2026-06-30T19:48:02.469Z" },
    { url = "https://files.pythonhosted.org/packages/25/5f/f9728a100ba40d31a957c5f5cb594ea7d49fd1188002543d3543349a063a/confluent_kafka-2.15.0-cp312-cp312-manylinux_2_28_aarch64.whl", hash = "sha256:b68e6f441866542c9150e6fdf106131eee5a51db591937888c866d799fb354ec", size = 4979384, upload-time = "2026-06-30T19:48:04.127Z" },
    { url = "https://files.pythonhosted.org/packages/8b/2e/9f80cae9dd7b4852b8a24f9f91001916b987a2ba359e9f077c43ca41d5da/confluent_kafka-2.15.0-cp312-cp312-manylinux_2_28_x86_64.whl", hash = "sha256:fd833dab1392f456b9dd52b7ed9ac65b2cc36871ed5e3ebe8d53486c965b6453", size = 4785580, upload-time = "2026-06-30T19:48:05.841Z" },
    { url = "https://files.pythonhosted.org/packages/6e/b6/02f73ed259d5be5fbbc8dde41527cad097eca56ab7831026039c8abbaffc/confluent_kafka-2.15.0-cp312-cp312-win_amd64.whl", hash = "sha256:2cc8d01a77c534669bb896f731c8917cd63b787618081fdd0d1420d58cd6815b", size = 4549188, upload-time = "2026-06-30T19:48:07.426Z" },
    { url = "https://files.pythonhosted.org/packages/b0/80/c7bba18644fb748fc1202e2652230652d243c764fc158798d9f2096513c4/confluent_kafka-2.15.0-cp313-cp313-macosx_13_0_arm64.whl", hash = "sha256:ff43508f8e929d83545272ef4f17e27fdaa9cc8397f77cf2236b22d67de4edc4", size = 4343586, upload-time = "2026-06-30T19:48:09.272Z" },
    { url = "https://files.pythonhosted.org/packages/fa/41/0be8143a944c70c6055e8d0fb713964ebe173494e280451c927fa02247ab/confluent_kafka-2.15.0-cp313-cp313-macosx_13_0_x86_64.whl", hash = "sha256:41d4c7360c51202785e8e9aa56241dd392b9dbcc311eae7c5e6985b239efc12b", size = 4371325, upload-time = "2026-06-30T19:48:10.996Z" },
    { url = "https://files.pythonhosted.org/packages/e2/3c/d5c83c20599a82faa065b922b55338c672a268fa2ac75f54e53bed8913d7/confluent_kafka-2.15.0-cp313-cp313-manylinux_2_28_aarch64.whl", hash = "sha256:b0ac3831aac47ea23699a6ca5b9836288a4b9d201015dbfc4c3ec9f20592fdb5", size = 4979865, upload-time = "2026-06-30T19:48:12.447Z" },
    { url = "https://files.pythonhosted.org/packages/40/79/5be34236697e8fabbed5534a67100b9d9d11c210de55ba3ba2590d7d7634/confluent_kafka-2.15.0-cp313-cp313-manylinux_2_28_x86_64.whl", hash = "sha256:0455754e8294e1e76cb5acc083c300b6bd8d88f2d2c551c583cbf4ab55889a57", size = 4785955, upload-time = "2026-06-30T19:48:14.055Z" },
    { url = "https://files.pythonhosted.org/packages/94/ff/4da4e954040769d46111f3c0e5b3e76f2d3bc4b27c1deb5fd64fc9cc4055/confluent_kafka-2.15.0-cp313-cp313-win_amd64.whl", hash = "sha256:7c59ea36606e0e946e6b353203136b4d71be6d95c0c8ae5113b81850ff5b7b41", size = 4608827, upload-time = "2026-06-30T19:48:15.746Z" },
    { url = "https://files.pythonhosted.org/packages/18/20/5c078b9560b8005404e09a5889b9771e8deb5c9dddeb9003f58c7d028258/confluent_kafka-2.15.0-cp314-cp314-macosx_13_0_arm64.whl", hash = "sha256:e781d39ff31d5d10d0502471f92f95aff4f5be1eaae9a1f57aeac164bc9f9029", size = 4343440, upload-time = "2026-06-30T19:48:17.324Z" },
    { url = "https://files.pythonhosted.org/packages/aa/27/fd83281231b6179e3923822e20861dfc1d6c200edb910c3d8e9a15b9e95a/confluent_kafka-2.15.0-cp314-cp314-macosx_13_0_x86_64.whl", hash = "sha256:000463c822a7adc3293369b63688b68d17c03a1a4a64f86182efc08f8b150676", size = 4371051, upload-time = "2026-06-30T19:48:19.29Z" },
    { url = "https://files.pythonhosted.org/packages/5e/3e/fa82e6699144e707972bbf57489598defdf67e844ae2a7d29e0ea4e3a187/confluent_kafka-2.15.0-cp314-cp314-manylinux_2_28_aarch64.whl", hash = "sha256:9ddf4cf4647e5d633ef64e3f5a349d5288edfedf974203993e9d86548c2695be", size = 4979624, upload-time = "2026-06-30T19:48:21.454Z" },
    { url = "https://files.pythonhosted.org/packages/13/ee/b4b6a0da17584b432c83a0500ac79c04864ef92dafdb405614831b995232/confluent_kafka-2.15.0-cp314-cp314-manylinux_2_28_x86_64.whl", hash = "sha256:d8ed33f623ff2a104fb76f99a67e9917f0170fddb4e28380fcdc83347b1646b2", size = 4785678, upload-time = "2026-06-30T19:48:23.068Z" },
    { url = "https://files.pythonhosted.org/packages/a8/f4/19a852d16e8e4f8ac930037d8ecda21a220f6d5d050a59bbce10189ac9ec/confluent_kafka-2.15.0-cp314-cp314-win_amd64.whl", hash = "sha256:2e80bd96f61aae2ffba951754a769e6d3c5ebb5a5e778ed0ae8ad899ea91556b", size = 4744444, upload-time = "2026-06-30T19:48:24.698Z" },
]

[[package]]
name = "faker"
version = "40.37.0"
source = { registry = "https://pypi.org/simple" }
dependencies = [
    { name = "tzdata", marker = "sys_platform == 'win32'" },
]
sdist = { url = "https://files.pythonhosted.org/packages/f6/fb/35acc76128d5ee8983d940da871cc8eba876e7b0e9e6bd402ecd7104dcdc/faker-40.37.0.tar.gz", hash = "sha256:a92dff7f310e61fb544c61720e15edb2e7448bc33d15a321a99e9ab7b94abf54", size = 2025920, upload-time = "2026-08-21T16:33:16.261Z" }
wheels = [
    { url = "https://files.pythonhosted.org/packages/3e/22/bf589b6b2c7527047f55450358fbe5961aeaadf168d6b51a1a1c67da497f/faker-40.37.0-py3-none-any.whl", hash = "sha256:ddbafa55c94d5b69c08ced3a7f202614204a02e07ba6548c729b8d18acc0b490", size = 2062853, upload-time = "2026-08-21T16:33:14.516Z" },
]

[[package]]
name = "py4j"
version = "0.10.9.7"
source = { registry = "https://pypi.org/simple" }
sdist = { url = "https://files.pythonhosted.org/packages/1e/f2/b34255180c72c36ff7097f7c2cdca02abcbd89f5eebf7c7c41262a9a0637/py4j-0.10.9.7.tar.gz", hash = "sha256:0b6e5315bb3ada5cf62ac651d107bb2ebc02def3dee9d9548e3baac644ea8dbb", size = 1508234, upload-time = "2022-08-12T22:49:09.792Z" }
wheels = [
    { url = "https://files.pythonhosted.org/packages/10/30/a58b32568f1623aaad7db22aa9eafc4c6c194b429ff35bdc55ca2726da47/py4j-0.10.9.7-py2.py3-none-any.whl", hash = "sha256:85defdfd2b2376eb3abf5ca6474b51ab7e0de341c75a02f46dc9b5976f5a5c1b", size = 200481, upload-time = "2022-08-12T22:49:07.05Z" },
]

[[package]]
name = "pyspark"
version = "3.5.6"
source = { registry = "https://pypi.org/simple" }
dependencies = [
    { name = "py4j" },
]
sdist = { url = "https://files.pythonhosted.org/packages/2e/62/36e50d38e5fe158e97cddec983b44f9417b1e205b02320e3c463b5f802fa/pyspark-3.5.6.tar.gz", hash = "sha256:f8b1c4360e41ab398c64904fae08740503bcb6bd389457d659fa6d9f2952cc48", size = 317359167, upload-time = "2025-05-27T08:24:20.82Z" }

[[package]]
name = "tzdata"
version = "2026.3"
source = { registry = "https://pypi.org/simple" }
sdist = { url = "https://files.pythonhosted.org/packages/92/ff/5a28bdfd8c3ebec42564ac7d0e54ca3db65044a9314a97f9564fa7a1e926/tzdata-2026.3.tar.gz", hash = "sha256:4a1518b8993086a7982523e071643f3c0e5f213e75b21318e78bcabfff9d1415", size = 198674, upload-time = "2026-07-10T08:50:37.887Z" }
wheels = [
    { url = "https://files.pythonhosted.org/packages/e5/6d/b53b99a9f2766d095985947a5782f1702cabb129a34f7a802d7197af832f/tzdata-2026.3-py2.py3-none-any.whl", hash = "sha256:dc096730c87af6cab1b171c9d532be840741ff5d459015e7f6947bd7d7e54931", size = 348168, upload-time = "2026-07-10T08:50:36.46Z" },
]
